
Microsoft Visual Studio Solution File, Format Version 12.00
# Visual Studio 14
VisualStudioVersion = 14.0.25420.1
MinimumVisualStudioVersion = 10.0.40219.1
Project("{FAE04EC0-301F-11D3-BF4B-00C04F79EFBC}") = "uppgift2", "uppgift2\uppgift2.csproj", "{0803DBDF-29F9-4176-976B-22B5FDEF9B64}"
EndProject
Global
	GlobalSection(SolutionConfigurationPlatforms) = preSolution
		Debug|Any CPU = Debug|Any CPU
		Release|Any CPU = Release|Any CPU
	EndGlobalSection
	GlobalSection(ProjectConfigurationPlatforms) = postSolution
		{0803DBDF-29F9-4176-976B-22B5FDEF9B64}.Debug|Any CPU.ActiveCfg = Debug|Any CPU
		{0803DBDF-29F9-4176-976B-22B5FDEF9B64}.Debug|Any CPU.Build.0 = Debug|Any CPU
		{0803DBDF-29F9-4176-976B-22B5FDEF9B64}.Release|Any CPU.ActiveCfg = Release|Any CPU
		{0803DBDF-29F9-4176-976B-22B5FDEF9B64}.Release|Any CPU.Build.0 = Release|Any CPU
	EndGlobalSection
	GlobalSection(SolutionProperties) = preSolution
		HideSolutionNode = FALSE
	EndGlobalSection
EndGlobal
